
Microsoft Visual Studio Solution File, Format Version 12.00
# Visual Studio Version 16
VisualStudioVersion = 16.0.32002.261
MinimumVisualStudioVersion = 10.0.40219.1
Project("{FAE04EC0-301F-11D3-BF4B-00C04F79EFBC}") = "VS2019-Git-Integration-Demo2", "VS2019-Git-Integration-Demo2\VS2019-Git-Integration-Demo2.csproj", "{82CD13A1-31A8-4A34-B6D7-156C1DD475B3}"
EndProject
Global
	GlobalSection(SolutionConfigurationPlatforms) = preSolution
		Debug|Any CPU = Debug|Any CPU
		Release|Any CPU = Release|Any CPU
	EndGlobalSection
	GlobalSection(ProjectConfigurationPlatforms) = postSolution
		{82CD13A1-31A8-4A34-B6D7-156C1DD475B3}.Debug|Any CPU.ActiveCfg = Debug|Any CPU
		{82CD13A1-31A8-4A34-B6D7-156C1DD475B3}.Debug|Any CPU.Build.0 = Debug|Any CPU
		{82CD13A1-31A8-4A34-B6D7-156C1DD475B3}.Release|Any CPU.ActiveCfg = Release|Any CPU
		{82CD13A1-31A8-4A34-B6D7-156C1DD475B3}.Release|Any CPU.Build.0 = Release|Any CPU
	EndGlobalSection
	GlobalSection(SolutionProperties) = preSolution
		HideSolutionNode = FALSE
	EndGlobalSection
	GlobalSection(ExtensibilityGlobals) = postSolution
		SolutionGuid = {E89E268C-74BB-4F5D-9578-04EE9BD0140E}
	EndGlobalSection
EndGlobal
